
Microsoft Visual Studio Solution File, Format Version 12.00
# Visual Studio Version 16
VisualStudioVersion = 16.0.31515.178
MinimumVisualStudioVersion = 10.0.40219.1
Project("{FAE04EC0-301F-11D3-BF4B-00C04F79EFBC}") = "ChangeLogUtil", "ChangeLogUtil\ChangeLogUtil.csproj", "{45F7BB23-9135-40A9-BE9D-238EC8BDEA18}"
EndProject
Project("{2150E333-8FDC-42A3-9474-1A3956D46DE8}") = "Sql", "Sql", "{9E431482-0E27-414A-86F2-1056A032F7BF}"
	ProjectSection(SolutionItems) = preProject
		TableComponents.sql = TableComponents.sql
		Tables.sql = Tables.sql
		Trigger.sql = Trigger.sql
	EndProjectSection
EndProject
Project("{FAE04EC0-301F-11D3-BF4B-00C04F79EFBC}") = "ChangeLog.Web", "ChangeLog.Web\ChangeLog.Web.csproj", "{6CAEA127-DA0C-4774-A8FD-7D0E3F999617}"
EndProject
Project("{FAE04EC0-301F-11D3-BF4B-00C04F79EFBC}") = "ChangeLog.Services", "ChangeLog.Services\ChangeLog.Services.csproj", "{FBD3060E-4324-491B-85AC-EA15C09E8287}"
EndProject
Project("{FAE04EC0-301F-11D3-BF4B-00C04F79EFBC}") = "ChangeLog.Test", "ChangeLog.Test\ChangeLog.Test.csproj", "{B61CDA3D-A454-4C6A-BD2F-2EA4DB5CDD23}"
EndProject
Global
	GlobalSection(SolutionConfigurationPlatforms) = preSolution
		Debug|Any CPU = Debug|Any CPU
		Release|Any CPU = Release|Any CPU
	EndGlobalSection
	GlobalSection(ProjectConfigurationPlatforms) = postSolution
		{45F7BB23-9135-40A9-BE9D-238EC8BDEA18}.Debug|Any CPU.ActiveCfg = Debug|Any CPU
		{45F7BB23-9135-40A9-BE9D-238EC8BDEA18}.Debug|Any CPU.Build.0 = Debug|Any CPU
		{45F7BB23-9135-40A9-BE9D-238EC8BDEA18}.Release|Any CPU.ActiveCfg = Release|Any CPU
		{45F7BB23-9135-40A9-BE9D-238EC8BDEA18}.Release|Any CPU.Build.0 = Release|Any CPU
		{6CAEA127-DA0C-4774-A8FD-7D0E3F999617}.Debug|Any CPU.ActiveCfg = Debug|Any CPU
		{6CAEA127-DA0C-4774-A8FD-7D0E3F999617}.Debug|Any CPU.Build.0 = Debug|Any CPU
		{6CAEA127-DA0C-4774-A8FD-7D0E3F999617}.Release|Any CPU.ActiveCfg = Release|Any CPU
		{6CAEA127-DA0C-4774-A8FD-7D0E3F999617}.Release|Any CPU.Build.0 = Release|Any CPU
		{FBD3060E-4324-491B-85AC-EA15C09E8287}.Debug|Any CPU.ActiveCfg = Debug|Any CPU
		{FBD3060E-4324-491B-85AC-EA15C09E8287}.Debug|Any CPU.Build.0 = Debug|Any CPU
		{FBD3060E-4324-491B-85AC-EA15C09E8287}.Release|Any CPU.ActiveCfg = Release|Any CPU
		{FBD3060E-4324-491B-85AC-EA15C09E8287}.Release|Any CPU.Build.0 = Release|Any CPU
		{B61CDA3D-A454-4C6A-BD2F-2EA4DB5CDD23}.Debug|Any CPU.ActiveCfg = Debug|Any CPU
		{B61CDA3D-A454-4C6A-BD2F-2EA4DB5CDD23}.Debug|Any CPU.Build.0 = Debug|Any CPU
		{B61CDA3D-A454-4C6A-BD2F-2EA4DB5CDD23}.Release|Any CPU.ActiveCfg = Release|Any CPU
		{B61CDA3D-A454-4C6A-BD2F-2EA4DB5CDD23}.Release|Any CPU.Build.0 = Release|Any CPU
	EndGlobalSection
	GlobalSection(SolutionProperties) = preSolution
		HideSolutionNode = FALSE
	EndGlobalSection
	GlobalSection(ExtensibilityGlobals) = postSolution
		SolutionGuid = {54AAEE2F-3497-4F10-9A58-41C6782EC2EE}
	EndGlobalSection
EndGlobal
